
Microsoft Visual Studio Solution File, Format Version 12.00
# Visual Studio Version 17
VisualStudioVersion = 17.5.002.0
MinimumVisualStudioVersion = 10.0.40219.1
Project("{9A19103F-16F7-4668-BE54-9A1E7A4F7556}") = "interpretador", "interpretador.csproj", "{DAF75824-A8ED-4E36-B289-6BD56CF13F71}"
EndProject
Global
	GlobalSection(SolutionConfigurationPlatforms) = preSolution
		Debug|Any CPU = Debug|Any CPU
		Release|Any CPU = Release|Any CPU
	EndGlobalSection
	GlobalSection(ProjectConfigurationPlatforms) = postSolution
		{DAF75824-A8ED-4E36-B289-6BD56CF13F71}.Debug|Any CPU.ActiveCfg = Debug|Any CPU
		{DAF75824-A8ED-4E36-B289-6BD56CF13F71}.Debug|Any CPU.Build.0 = Debug|Any CPU
		{DAF75824-A8ED-4E36-B289-6BD56CF13F71}.Release|Any CPU.ActiveCfg = Release|Any CPU
		{DAF75824-A8ED-4E36-B289-6BD56CF13F71}.Release|Any CPU.Build.0 = Release|Any CPU
	EndGlobalSection
	GlobalSection(SolutionProperties) = preSolution
		HideSolutionNode = FALSE
	EndGlobalSection
	GlobalSection(ExtensibilityGlobals) = postSolution
		SolutionGuid = {6305C718-C27B-45BF-A203-7B4B329F24A3}
	EndGlobalSection
EndGlobal
